
Microsoft Visual Studio Solution File, Format Version 12.00
# Visual Studio 15
VisualStudioVersion = 15.0.28307.645
MinimumVisualStudioVersion = 10.0.40219.1
Project("{FAE04EC0-301F-11D3-BF4B-00C04F79EFBC}") = "ApsnCore2Empty", "ApsnCore2Empty\ApsnCore2Empty.csproj", "{E446A594-8679-4D8E-9717-C44D827DE42F}"
EndProject
Global
	GlobalSection(SolutionConfigurationPlatforms) = preSolution
		Debug|Any CPU = Debug|Any CPU
		Release|Any CPU = Release|Any CPU
	EndGlobalSection
	GlobalSection(ProjectConfigurationPlatforms) = postSolution
		{E446A594-8679-4D8E-9717-C44D827DE42F}.Debug|Any CPU.ActiveCfg = Debug|Any CPU
		{E446A594-8679-4D8E-9717-C44D827DE42F}.Debug|Any CPU.Build.0 = Debug|Any CPU
		{E446A594-8679-4D8E-9717-C44D827DE42F}.Release|Any CPU.ActiveCfg = Release|Any CPU
		{E446A594-8679-4D8E-9717-C44D827DE42F}.Release|Any CPU.Build.0 = Release|Any CPU
	EndGlobalSection
	GlobalSection(SolutionProperties) = preSolution
		HideSolutionNode = FALSE
	EndGlobalSection
	GlobalSection(ExtensibilityGlobals) = postSolution
		SolutionGuid = {164554FA-4CFF-4713-9BA4-E8DD0E032CC6}
	EndGlobalSection
EndGlobal
